
Microsoft Visual Studio Solution File, Format Version 12.00
# Visual Studio Version 17
VisualStudioVersion = 17.6.33815.320
MinimumVisualStudioVersion = 10.0.40219.1
Project("{2150E333-8FDC-42A3-9474-1A3956D46DE8}") = "Lesson2", "Lesson2", "{52424AA9-D47D-4291-843D-F93D514B5F36}"
EndProject
Project("{9A19103F-16F7-4668-BE54-9A1E7A4F7556}") = "Lesson2", "HomeworkLesson2\Lesson2.csproj", "{AA60303C-5242-42C4-90C9-88B3F97D0DAB}"
EndProject
Project("{2150E333-8FDC-42A3-9474-1A3956D46DE8}") = "Lesson1", "Lesson1", "{D78C85BE-86A9-470C-B1CD-E7B7F8A25300}"
EndProject
Project("{9A19103F-16F7-4668-BE54-9A1E7A4F7556}") = "Lesson1", "Lesson1\Lesson1.csproj", "{B6E3934A-2771-4754-B0CA-615C8B828A43}"
EndProject
Project("{2150E333-8FDC-42A3-9474-1A3956D46DE8}") = "Lesson3", "Lesson3", "{9933E71F-8889-45B1-B4D2-F1E6D5461D46}"
EndProject
Global
	GlobalSection(SolutionConfigurationPlatforms) = preSolution
		Debug|Any CPU = Debug|Any CPU
		Release|Any CPU = Release|Any CPU
	EndGlobalSection
	GlobalSection(ProjectConfigurationPlatforms) = postSolution
		{AA60303C-5242-42C4-90C9-88B3F97D0DAB}.Debug|Any CPU.ActiveCfg = Debug|Any CPU
		{AA60303C-5242-42C4-90C9-88B3F97D0DAB}.Debug|Any CPU.Build.0 = Debug|Any CPU
		{AA60303C-5242-42C4-90C9-88B3F97D0DAB}.Release|Any CPU.ActiveCfg = Release|Any CPU
		{AA60303C-5242-42C4-90C9-88B3F97D0DAB}.Release|Any CPU.Build.0 = Release|Any CPU
		{B6E3934A-2771-4754-B0CA-615C8B828A43}.Debug|Any CPU.ActiveCfg = Debug|Any CPU
		{B6E3934A-2771-4754-B0CA-615C8B828A43}.Debug|Any CPU.Build.0 = Debug|Any CPU
		{B6E3934A-2771-4754-B0CA-615C8B828A43}.Release|Any CPU.ActiveCfg = Release|Any CPU
		{B6E3934A-2771-4754-B0CA-615C8B828A43}.Release|Any CPU.Build.0 = Release|Any CPU
	EndGlobalSection
	GlobalSection(SolutionProperties) = preSolution
		HideSolutionNode = FALSE
	EndGlobalSection
	GlobalSection(NestedProjects) = preSolution
		{AA60303C-5242-42C4-90C9-88B3F97D0DAB} = {52424AA9-D47D-4291-843D-F93D514B5F36}
		{B6E3934A-2771-4754-B0CA-615C8B828A43} = {D78C85BE-86A9-470C-B1CD-E7B7F8A25300}
	EndGlobalSection
	GlobalSection(ExtensibilityGlobals) = postSolution
		SolutionGuid = {8B77269B-B20D-4860-9637-2E2771096EE6}
	EndGlobalSection
EndGlobal
