
Microsoft Visual Studio Solution File, Format Version 12.00
# Visual Studio Version 17
VisualStudioVersion = 17.6.33815.320
MinimumVisualStudioVersion = 10.0.40219.1
Project("{2150E333-8FDC-42A3-9474-1A3956D46DE8}") = "N2", "N2", "{52424AA9-D47D-4291-843D-F93D514B5F36}"
EndProject
Project("{9A19103F-16F7-4668-BE54-9A1E7A4F7556}") = "Lesson2_HT1", "HomeworkLesson2\Lesson2_HT1.csproj", "{AA60303C-5242-42C4-90C9-88B3F97D0DAB}"
EndProject
Project("{2150E333-8FDC-42A3-9474-1A3956D46DE8}") = "N1", "N1", "{D78C85BE-86A9-470C-B1CD-E7B7F8A25300}"
EndProject
Project("{9A19103F-16F7-4668-BE54-9A1E7A4F7556}") = "Lesson1", "Lesson1\Lesson1.csproj", "{B6E3934A-2771-4754-B0CA-615C8B828A43}"
EndProject
Project("{2150E333-8FDC-42A3-9474-1A3956D46DE8}") = "N3", "N3", "{9933E71F-8889-45B1-B4D2-F1E6D5461D46}"
EndProject
Project("{2150E333-8FDC-42A3-9474-1A3956D46DE8}") = "HT1", "HT1", "{A1FDC65C-DDF2-4B54-AE7D-4FF454A0D219}"
EndProject
Project("{9A19103F-16F7-4668-BE54-9A1E7A4F7556}") = "Create_PasswordHT1", "HT1\Create_PasswordHT1.csproj", "{CC8F48B1-247F-491C-9ECB-9FBE92244E47}"
EndProject
Project("{2150E333-8FDC-42A3-9474-1A3956D46DE8}") = "HT2", "HT2", "{85C07D66-EDB1-4D09-9E2B-DF84AFEA3EB6}"
EndProject
Project("{9A19103F-16F7-4668-BE54-9A1E7A4F7556}") = "Lesson2_HT2", "HT2\Lesson2_HT2.csproj", "{EA581E38-90AD-4F86-A198-A0E34C00049F}"
EndProject
Project("{2150E333-8FDC-42A3-9474-1A3956D46DE8}") = "HT2", "HT2", "{4B6F603D-795C-4492-A14A-4F6B39011DC2}"
EndProject
Project("{9A19103F-16F7-4668-BE54-9A1E7A4F7556}") = "CheckingEmail_HT2", "HT3.2\CheckingEmail_HT2.csproj", "{75159430-4BD3-4447-981F-EC19DAE84417}"
EndProject
Project("{2150E333-8FDC-42A3-9474-1A3956D46DE8}") = "HT1", "HT1", "{AD798D63-96D5-499F-AD9D-59D857229A4E}"
EndProject
Project("{2150E333-8FDC-42A3-9474-1A3956D46DE8}") = "N4", "N4", "{C5BEFD81-BB04-441B-833C-DDC87CEBB658}"
EndProject
Project("{9A19103F-16F7-4668-BE54-9A1E7A4F7556}") = "Lesson4-HT1", "Lesson4-HT2\Lesson4-HT1.csproj", "{A9CBE756-6A87-4009-9D17-06EA923FD25E}"
EndProject
Project("{9A19103F-16F7-4668-BE54-9A1E7A4F7556}") = "Lesson4_HT2", "Lesson4_HT2\Lesson4_HT2.csproj", "{3FB8D315-B965-481A-8705-3F99B1774A43}"
EndProject
Project("{2150E333-8FDC-42A3-9474-1A3956D46DE8}") = "N5", "N5", "{18966E87-18E3-45A4-93D3-215927084AFC}"
EndProject
Project("{2150E333-8FDC-42A3-9474-1A3956D46DE8}") = "HT1", "HT1", "{A50581A7-B4AE-4752-925C-2AEDB6579F64}"
EndProject
Project("{2150E333-8FDC-42A3-9474-1A3956D46DE8}") = "HT2", "HT2", "{2B3872D6-2D2C-46A5-9275-CA130BC72765}"
EndProject
Project("{9A19103F-16F7-4668-BE54-9A1E7A4F7556}") = "N5_HT1", "HT1_SwitchCase\N5_HT1.csproj", "{4F36F8FE-CBC9-4513-B7C7-B804A0023736}"
EndProject
Project("{9A19103F-16F7-4668-BE54-9A1E7A4F7556}") = "N5_HT2_SwitchCase", "N5_HT2_SwitchCase\N5_HT2_SwitchCase.csproj", "{A1A84251-5B3E-483C-A16A-E11544B6F94A}"
EndProject
Project("{2150E333-8FDC-42A3-9474-1A3956D46DE8}") = "N6", "N6", "{1D81B617-78C0-47E3-B0C9-BC4B23CD327E}"
EndProject
Project("{2150E333-8FDC-42A3-9474-1A3956D46DE8}") = "HT1", "HT1", "{AFE2E0A6-A1CB-4CB2-9ECC-2FEC47BDAB30}"
EndProject
Project("{2150E333-8FDC-42A3-9474-1A3956D46DE8}") = "HT2", "HT2", "{278DC8D1-0671-45CD-9B86-B9F8EAF2EB6E}"
EndProject
Project("{9A19103F-16F7-4668-BE54-9A1E7A4F7556}") = "HT1_6_Imtihon", "HT6_1\HT1_6_Imtihon.csproj", "{7577F0A3-5A3E-4666-87E8-BFAF47CD9FDC}"
EndProject
Project("{9A19103F-16F7-4668-BE54-9A1E7A4F7556}") = "HT2_EventScheduler", "HT2_EventScheduler\HT2_EventScheduler.csproj", "{D18911AE-CEEB-4ED8-969E-48B1E37762E7}"
EndProject
Project("{2150E333-8FDC-42A3-9474-1A3956D46DE8}") = "N7", "N7", "{15E26624-F3E3-4F6F-8512-21235880E3B0}"
EndProject
Project("{2150E333-8FDC-42A3-9474-1A3956D46DE8}") = "HT1", "HT1", "{11E06797-210C-44B3-92DD-F17DD5190EDA}"
EndProject
Project("{9A19103F-16F7-4668-BE54-9A1E7A4F7556}") = "Sleep_Score_7", "Sleep_Score_7\Sleep_Score_7.csproj", "{FBE67201-6DB3-4D2E-846B-43FE0D3333EF}"
EndProject
Project("{2150E333-8FDC-42A3-9474-1A3956D46DE8}") = "N8", "N8", "{1952B731-F1B9-4FB2-A0B2-D8599E20FCE7}"
EndProject
Project("{2150E333-8FDC-42A3-9474-1A3956D46DE8}") = "HT8_2", "HT8_2", "{7DD69FEB-ED67-4774-A6F3-81157A0D1A79}"
EndProject
Project("{FAE04EC0-301F-11D3-BF4B-00C04F79EFBC}") = "HT8_2", "HT8_2\HT8_2.csproj", "{A03D9055-2292-4EC1-9D5F-860151B5E424}"
EndProject
Global
	GlobalSection(SolutionConfigurationPlatforms) = preSolution
		Debug|Any CPU = Debug|Any CPU
		Release|Any CPU = Release|Any CPU
	EndGlobalSection
	GlobalSection(ProjectConfigurationPlatforms) = postSolution
		{AA60303C-5242-42C4-90C9-88B3F97D0DAB}.Debug|Any CPU.ActiveCfg = Debug|Any CPU
		{AA60303C-5242-42C4-90C9-88B3F97D0DAB}.Debug|Any CPU.Build.0 = Debug|Any CPU
		{AA60303C-5242-42C4-90C9-88B3F97D0DAB}.Release|Any CPU.ActiveCfg = Release|Any CPU
		{AA60303C-5242-42C4-90C9-88B3F97D0DAB}.Release|Any CPU.Build.0 = Release|Any CPU
		{B6E3934A-2771-4754-B0CA-615C8B828A43}.Debug|Any CPU.ActiveCfg = Debug|Any CPU
		{B6E3934A-2771-4754-B0CA-615C8B828A43}.Debug|Any CPU.Build.0 = Debug|Any CPU
		{B6E3934A-2771-4754-B0CA-615C8B828A43}.Release|Any CPU.ActiveCfg = Release|Any CPU
		{B6E3934A-2771-4754-B0CA-615C8B828A43}.Release|Any CPU.Build.0 = Release|Any CPU
		{CC8F48B1-247F-491C-9ECB-9FBE92244E47}.Debug|Any CPU.ActiveCfg = Debug|Any CPU
		{CC8F48B1-247F-491C-9ECB-9FBE92244E47}.Debug|Any CPU.Build.0 = Debug|Any CPU
		{CC8F48B1-247F-491C-9ECB-9FBE92244E47}.Release|Any CPU.ActiveCfg = Release|Any CPU
		{CC8F48B1-247F-491C-9ECB-9FBE92244E47}.Release|Any CPU.Build.0 = Release|Any CPU
		{EA581E38-90AD-4F86-A198-A0E34C00049F}.Debug|Any CPU.ActiveCfg = Debug|Any CPU
		{EA581E38-90AD-4F86-A198-A0E34C00049F}.Debug|Any CPU.Build.0 = Debug|Any CPU
		{EA581E38-90AD-4F86-A198-A0E34C00049F}.Release|Any CPU.ActiveCfg = Release|Any CPU
		{EA581E38-90AD-4F86-A198-A0E34C00049F}.Release|Any CPU.Build.0 = Release|Any CPU
		{75159430-4BD3-4447-981F-EC19DAE84417}.Debug|Any CPU.ActiveCfg = Debug|Any CPU
		{75159430-4BD3-4447-981F-EC19DAE84417}.Debug|Any CPU.Build.0 = Debug|Any CPU
		{75159430-4BD3-4447-981F-EC19DAE84417}.Release|Any CPU.ActiveCfg = Release|Any CPU
		{75159430-4BD3-4447-981F-EC19DAE84417}.Release|Any CPU.Build.0 = Release|Any CPU
		{A9CBE756-6A87-4009-9D17-06EA923FD25E}.Debug|Any CPU.ActiveCfg = Debug|Any CPU
		{A9CBE756-6A87-4009-9D17-06EA923FD25E}.Debug|Any CPU.Build.0 = Debug|Any CPU
		{A9CBE756-6A87-4009-9D17-06EA923FD25E}.Release|Any CPU.ActiveCfg = Release|Any CPU
		{A9CBE756-6A87-4009-9D17-06EA923FD25E}.Release|Any CPU.Build.0 = Release|Any CPU
		{3FB8D315-B965-481A-8705-3F99B1774A43}.Debug|Any CPU.ActiveCfg = Debug|Any CPU
		{3FB8D315-B965-481A-8705-3F99B1774A43}.Debug|Any CPU.Build.0 = Debug|Any CPU
		{3FB8D315-B965-481A-8705-3F99B1774A43}.Release|Any CPU.ActiveCfg = Release|Any CPU
		{3FB8D315-B965-481A-8705-3F99B1774A43}.Release|Any CPU.Build.0 = Release|Any CPU
		{4F36F8FE-CBC9-4513-B7C7-B804A0023736}.Debug|Any CPU.ActiveCfg = Debug|Any CPU
		{4F36F8FE-CBC9-4513-B7C7-B804A0023736}.Debug|Any CPU.Build.0 = Debug|Any CPU
		{4F36F8FE-CBC9-4513-B7C7-B804A0023736}.Release|Any CPU.ActiveCfg = Release|Any CPU
		{4F36F8FE-CBC9-4513-B7C7-B804A0023736}.Release|Any CPU.Build.0 = Release|Any CPU
		{A1A84251-5B3E-483C-A16A-E11544B6F94A}.Debug|Any CPU.ActiveCfg = Debug|Any CPU
		{A1A84251-5B3E-483C-A16A-E11544B6F94A}.Debug|Any CPU.Build.0 = Debug|Any CPU
		{A1A84251-5B3E-483C-A16A-E11544B6F94A}.Release|Any CPU.ActiveCfg = Release|Any CPU
		{A1A84251-5B3E-483C-A16A-E11544B6F94A}.Release|Any CPU.Build.0 = Release|Any CPU
		{7577F0A3-5A3E-4666-87E8-BFAF47CD9FDC}.Debug|Any CPU.ActiveCfg = Debug|Any CPU
		{7577F0A3-5A3E-4666-87E8-BFAF47CD9FDC}.Debug|Any CPU.Build.0 = Debug|Any CPU
		{7577F0A3-5A3E-4666-87E8-BFAF47CD9FDC}.Release|Any CPU.ActiveCfg = Release|Any CPU
		{7577F0A3-5A3E-4666-87E8-BFAF47CD9FDC}.Release|Any CPU.Build.0 = Release|Any CPU
		{D18911AE-CEEB-4ED8-969E-48B1E37762E7}.Debug|Any CPU.ActiveCfg = Debug|Any CPU
		{D18911AE-CEEB-4ED8-969E-48B1E37762E7}.Debug|Any CPU.Build.0 = Debug|Any CPU
		{D18911AE-CEEB-4ED8-969E-48B1E37762E7}.Release|Any CPU.ActiveCfg = Release|Any CPU
		{D18911AE-CEEB-4ED8-969E-48B1E37762E7}.Release|Any CPU.Build.0 = Release|Any CPU
		{FBE67201-6DB3-4D2E-846B-43FE0D3333EF}.Debug|Any CPU.ActiveCfg = Debug|Any CPU
		{FBE67201-6DB3-4D2E-846B-43FE0D3333EF}.Debug|Any CPU.Build.0 = Debug|Any CPU
		{FBE67201-6DB3-4D2E-846B-43FE0D3333EF}.Release|Any CPU.ActiveCfg = Release|Any CPU
		{FBE67201-6DB3-4D2E-846B-43FE0D3333EF}.Release|Any CPU.Build.0 = Release|Any CPU
		{A03D9055-2292-4EC1-9D5F-860151B5E424}.Debug|Any CPU.ActiveCfg = Debug|Any CPU
		{A03D9055-2292-4EC1-9D5F-860151B5E424}.Debug|Any CPU.Build.0 = Debug|Any CPU
		{A03D9055-2292-4EC1-9D5F-860151B5E424}.Release|Any CPU.ActiveCfg = Release|Any CPU
		{A03D9055-2292-4EC1-9D5F-860151B5E424}.Release|Any CPU.Build.0 = Release|Any CPU
	EndGlobalSection
	GlobalSection(SolutionProperties) = preSolution
		HideSolutionNode = FALSE
	EndGlobalSection
	GlobalSection(NestedProjects) = preSolution
		{AA60303C-5242-42C4-90C9-88B3F97D0DAB} = {AD798D63-96D5-499F-AD9D-59D857229A4E}
		{B6E3934A-2771-4754-B0CA-615C8B828A43} = {D78C85BE-86A9-470C-B1CD-E7B7F8A25300}
		{A1FDC65C-DDF2-4B54-AE7D-4FF454A0D219} = {9933E71F-8889-45B1-B4D2-F1E6D5461D46}
		{CC8F48B1-247F-491C-9ECB-9FBE92244E47} = {A1FDC65C-DDF2-4B54-AE7D-4FF454A0D219}
		{85C07D66-EDB1-4D09-9E2B-DF84AFEA3EB6} = {52424AA9-D47D-4291-843D-F93D514B5F36}
		{EA581E38-90AD-4F86-A198-A0E34C00049F} = {85C07D66-EDB1-4D09-9E2B-DF84AFEA3EB6}
		{4B6F603D-795C-4492-A14A-4F6B39011DC2} = {9933E71F-8889-45B1-B4D2-F1E6D5461D46}
		{75159430-4BD3-4447-981F-EC19DAE84417} = {4B6F603D-795C-4492-A14A-4F6B39011DC2}
		{AD798D63-96D5-499F-AD9D-59D857229A4E} = {52424AA9-D47D-4291-843D-F93D514B5F36}
		{A9CBE756-6A87-4009-9D17-06EA923FD25E} = {C5BEFD81-BB04-441B-833C-DDC87CEBB658}
		{3FB8D315-B965-481A-8705-3F99B1774A43} = {C5BEFD81-BB04-441B-833C-DDC87CEBB658}
		{A50581A7-B4AE-4752-925C-2AEDB6579F64} = {18966E87-18E3-45A4-93D3-215927084AFC}
		{2B3872D6-2D2C-46A5-9275-CA130BC72765} = {18966E87-18E3-45A4-93D3-215927084AFC}
		{4F36F8FE-CBC9-4513-B7C7-B804A0023736} = {A50581A7-B4AE-4752-925C-2AEDB6579F64}
		{A1A84251-5B3E-483C-A16A-E11544B6F94A} = {2B3872D6-2D2C-46A5-9275-CA130BC72765}
		{AFE2E0A6-A1CB-4CB2-9ECC-2FEC47BDAB30} = {1D81B617-78C0-47E3-B0C9-BC4B23CD327E}
		{278DC8D1-0671-45CD-9B86-B9F8EAF2EB6E} = {1D81B617-78C0-47E3-B0C9-BC4B23CD327E}
		{7577F0A3-5A3E-4666-87E8-BFAF47CD9FDC} = {AFE2E0A6-A1CB-4CB2-9ECC-2FEC47BDAB30}
		{D18911AE-CEEB-4ED8-969E-48B1E37762E7} = {278DC8D1-0671-45CD-9B86-B9F8EAF2EB6E}
		{11E06797-210C-44B3-92DD-F17DD5190EDA} = {15E26624-F3E3-4F6F-8512-21235880E3B0}
		{FBE67201-6DB3-4D2E-846B-43FE0D3333EF} = {11E06797-210C-44B3-92DD-F17DD5190EDA}
		{7DD69FEB-ED67-4774-A6F3-81157A0D1A79} = {1952B731-F1B9-4FB2-A0B2-D8599E20FCE7}
		{A03D9055-2292-4EC1-9D5F-860151B5E424} = {7DD69FEB-ED67-4774-A6F3-81157A0D1A79}
	EndGlobalSection
	GlobalSection(ExtensibilityGlobals) = postSolution
		SolutionGuid = {8B77269B-B20D-4860-9637-2E2771096EE6}
	EndGlobalSection
EndGlobal
