
Microsoft Visual Studio Solution File, Format Version 12.00
# Visual Studio Version 17
VisualStudioVersion = 17.6.33815.320
MinimumVisualStudioVersion = 10.0.40219.1
Project("{2150E333-8FDC-42A3-9474-1A3956D46DE8}") = "N02", "N02", "{52424AA9-D47D-4291-843D-F93D514B5F36}"
EndProject
Project("{9A19103F-16F7-4668-BE54-9A1E7A4F7556}") = "Lesson2_HT1", "HomeworkLesson2\Lesson2_HT1.csproj", "{AA60303C-5242-42C4-90C9-88B3F97D0DAB}"
EndProject
Project("{2150E333-8FDC-42A3-9474-1A3956D46DE8}") = "N01", "N01", "{D78C85BE-86A9-470C-B1CD-E7B7F8A25300}"
EndProject
Project("{9A19103F-16F7-4668-BE54-9A1E7A4F7556}") = "Lesson1", "Lesson1\Lesson1.csproj", "{B6E3934A-2771-4754-B0CA-615C8B828A43}"
EndProject
Project("{2150E333-8FDC-42A3-9474-1A3956D46DE8}") = "N03", "N03", "{9933E71F-8889-45B1-B4D2-F1E6D5461D46}"
EndProject
Project("{2150E333-8FDC-42A3-9474-1A3956D46DE8}") = "HT1", "HT1", "{A1FDC65C-DDF2-4B54-AE7D-4FF454A0D219}"
EndProject
Project("{9A19103F-16F7-4668-BE54-9A1E7A4F7556}") = "Create_PasswordHT1", "HT1\Create_PasswordHT1.csproj", "{CC8F48B1-247F-491C-9ECB-9FBE92244E47}"
EndProject
Project("{2150E333-8FDC-42A3-9474-1A3956D46DE8}") = "HT2", "HT2", "{85C07D66-EDB1-4D09-9E2B-DF84AFEA3EB6}"
EndProject
Project("{9A19103F-16F7-4668-BE54-9A1E7A4F7556}") = "Lesson2_HT2", "HT2\Lesson2_HT2.csproj", "{EA581E38-90AD-4F86-A198-A0E34C00049F}"
EndProject
Project("{2150E333-8FDC-42A3-9474-1A3956D46DE8}") = "HT2", "HT2", "{4B6F603D-795C-4492-A14A-4F6B39011DC2}"
EndProject
Project("{9A19103F-16F7-4668-BE54-9A1E7A4F7556}") = "CheckingEmail_HT2", "HT3.2\CheckingEmail_HT2.csproj", "{75159430-4BD3-4447-981F-EC19DAE84417}"
EndProject
Project("{2150E333-8FDC-42A3-9474-1A3956D46DE8}") = "HT1", "HT1", "{AD798D63-96D5-499F-AD9D-59D857229A4E}"
EndProject
Project("{2150E333-8FDC-42A3-9474-1A3956D46DE8}") = "N04", "N04", "{C5BEFD81-BB04-441B-833C-DDC87CEBB658}"
EndProject
Project("{9A19103F-16F7-4668-BE54-9A1E7A4F7556}") = "Lesson4-HT1", "Lesson4-HT2\Lesson4-HT1.csproj", "{A9CBE756-6A87-4009-9D17-06EA923FD25E}"
EndProject
Project("{9A19103F-16F7-4668-BE54-9A1E7A4F7556}") = "Lesson4_HT2", "Lesson4_HT2\Lesson4_HT2.csproj", "{3FB8D315-B965-481A-8705-3F99B1774A43}"
EndProject
Project("{2150E333-8FDC-42A3-9474-1A3956D46DE8}") = "N05", "N05", "{18966E87-18E3-45A4-93D3-215927084AFC}"
EndProject
Project("{2150E333-8FDC-42A3-9474-1A3956D46DE8}") = "HT1", "HT1", "{A50581A7-B4AE-4752-925C-2AEDB6579F64}"
EndProject
Project("{2150E333-8FDC-42A3-9474-1A3956D46DE8}") = "HT2", "HT2", "{2B3872D6-2D2C-46A5-9275-CA130BC72765}"
EndProject
Project("{9A19103F-16F7-4668-BE54-9A1E7A4F7556}") = "N5_HT1", "HT1_SwitchCase\N5_HT1.csproj", "{4F36F8FE-CBC9-4513-B7C7-B804A0023736}"
EndProject
Project("{9A19103F-16F7-4668-BE54-9A1E7A4F7556}") = "N5_HT2_SwitchCase", "N5_HT2_SwitchCase\N5_HT2_SwitchCase.csproj", "{A1A84251-5B3E-483C-A16A-E11544B6F94A}"
EndProject
Project("{2150E333-8FDC-42A3-9474-1A3956D46DE8}") = "N06", "N06", "{1D81B617-78C0-47E3-B0C9-BC4B23CD327E}"
EndProject
Project("{2150E333-8FDC-42A3-9474-1A3956D46DE8}") = "HT1", "HT1", "{AFE2E0A6-A1CB-4CB2-9ECC-2FEC47BDAB30}"
EndProject
Project("{2150E333-8FDC-42A3-9474-1A3956D46DE8}") = "HT2", "HT2", "{278DC8D1-0671-45CD-9B86-B9F8EAF2EB6E}"
EndProject
Project("{9A19103F-16F7-4668-BE54-9A1E7A4F7556}") = "HT1_6_Imtihon", "HT6_1\HT1_6_Imtihon.csproj", "{7577F0A3-5A3E-4666-87E8-BFAF47CD9FDC}"
EndProject
Project("{9A19103F-16F7-4668-BE54-9A1E7A4F7556}") = "HT2_EventScheduler", "HT2_EventScheduler\HT2_EventScheduler.csproj", "{D18911AE-CEEB-4ED8-969E-48B1E37762E7}"
EndProject
Project("{2150E333-8FDC-42A3-9474-1A3956D46DE8}") = "N07", "N07", "{15E26624-F3E3-4F6F-8512-21235880E3B0}"
EndProject
Project("{2150E333-8FDC-42A3-9474-1A3956D46DE8}") = "HT1", "HT1", "{11E06797-210C-44B3-92DD-F17DD5190EDA}"
EndProject
Project("{9A19103F-16F7-4668-BE54-9A1E7A4F7556}") = "Sleep_Score_7", "Sleep_Score_7\Sleep_Score_7.csproj", "{FBE67201-6DB3-4D2E-846B-43FE0D3333EF}"
EndProject
Project("{2150E333-8FDC-42A3-9474-1A3956D46DE8}") = "N08", "N08", "{1952B731-F1B9-4FB2-A0B2-D8599E20FCE7}"
EndProject
Project("{2150E333-8FDC-42A3-9474-1A3956D46DE8}") = "HT8_2", "HT8_2", "{7DD69FEB-ED67-4774-A6F3-81157A0D1A79}"
EndProject
Project("{9A19103F-16F7-4668-BE54-9A1E7A4F7556}") = "HT8_2", "HT8_2\HT8_2.csproj", "{A03D9055-2292-4EC1-9D5F-860151B5E424}"
EndProject
Project("{2150E333-8FDC-42A3-9474-1A3956D46DE8}") = "HT8_1", "HT8_1", "{CDEA1B24-1B79-47A9-BC4E-8F0596DD463C}"
EndProject
Project("{9A19103F-16F7-4668-BE54-9A1E7A4F7556}") = "HT8_1", "HT8_1\HT8_1.csproj", "{7C22446A-C474-4AE3-8D4C-EE6087B3308B}"
EndProject
Project("{2150E333-8FDC-42A3-9474-1A3956D46DE8}") = "N09", "N09", "{F6A1CD0C-FDAF-4E00-B853-08ACAAECF4E8}"
EndProject
Project("{2150E333-8FDC-42A3-9474-1A3956D46DE8}") = "HT9_1", "HT9_1", "{BC54138E-2541-4080-9E0A-3184836D15CD}"
EndProject
Project("{9A19103F-16F7-4668-BE54-9A1E7A4F7556}") = "HT9_1", "HT9_1\HT9_1.csproj", "{1DADC579-3A7D-46E8-A52D-05496B56F15B}"
EndProject
Project("{2150E333-8FDC-42A3-9474-1A3956D46DE8}") = "HT9_2", "HT9_2", "{0896B2C0-C7F5-4942-85EE-2AAC64086E9B}"
EndProject
Project("{9A19103F-16F7-4668-BE54-9A1E7A4F7556}") = "HT9_2", "HT9_2\HT9_2.csproj", "{C4F4D81E-4426-4E29-A337-840AAC2C2C59}"
EndProject
Project("{2150E333-8FDC-42A3-9474-1A3956D46DE8}") = "N10", "N10", "{C2C32225-F6AF-4E7C-9DBF-4D857C34B86D}"
EndProject
Project("{2150E333-8FDC-42A3-9474-1A3956D46DE8}") = "HT10_1", "HT10_1", "{40F5B9DA-9E84-4713-83C4-714C51E7B9C2}"
EndProject
Project("{9A19103F-16F7-4668-BE54-9A1E7A4F7556}") = "HT10_1", "HT10_1\HT10_1.csproj", "{BFDAA1F5-5FC4-42EB-AB37-2B313B829AC3}"
EndProject
Project("{2150E333-8FDC-42A3-9474-1A3956D46DE8}") = "HT10_2", "HT10_2", "{6C537026-846F-4109-9A96-D0505CE9023A}"
EndProject
Project("{9A19103F-16F7-4668-BE54-9A1E7A4F7556}") = "HT10_2", "HT10_2\HT10_2.csproj", "{AD5BAD72-7CDB-451A-A03A-E497C09FBBD1}"
EndProject
Project("{2150E333-8FDC-42A3-9474-1A3956D46DE8}") = "N11", "N11", "{1ABC688F-20D4-4C04-8998-328DDF376C13}"
EndProject
Project("{2150E333-8FDC-42A3-9474-1A3956D46DE8}") = "HT11_1", "HT11_1", "{B51C1662-1333-424D-81DF-214A1CE59A5A}"
EndProject
Project("{9A19103F-16F7-4668-BE54-9A1E7A4F7556}") = "HT11_1", "HT11_1\HT11_1.csproj", "{B9E19D4A-747D-46F4-A7A4-5DB203E011D4}"
EndProject
Project("{9A19103F-16F7-4668-BE54-9A1E7A4F7556}") = "HT11_2", "HT11_2\HT11_2.csproj", "{EE804E9F-46BB-4079-8803-4B79443CABC4}"
EndProject
Project("{2150E333-8FDC-42A3-9474-1A3956D46DE8}") = "N12", "N12", "{FE1C65D5-A443-44A3-94C2-E2C57A11B559}"
EndProject
Project("{9A19103F-16F7-4668-BE54-9A1E7A4F7556}") = "HT12_1", "HT12_1\HT12_1.csproj", "{4601D9BA-942B-4951-8958-5AE84F206040}"
EndProject
Project("{9A19103F-16F7-4668-BE54-9A1E7A4F7556}") = "HT12_2", "HT12_2\HT12_2.csproj", "{A7A144F6-245F-4722-8A40-C029EB6193DC}"
EndProject
Project("{2150E333-8FDC-42A3-9474-1A3956D46DE8}") = "N13", "N13", "{B8675E55-569B-4AB7-97B2-133E7C41D354}"
EndProject
Project("{9A19103F-16F7-4668-BE54-9A1E7A4F7556}") = "N13_HT1", "N13_HT1\N13_HT1.csproj", "{1979B6DD-306C-47B9-B646-245FF90F233D}"
EndProject
Project("{9A19103F-16F7-4668-BE54-9A1E7A4F7556}") = "N13_HT_2", "N13_HT_2\N13_HT_2.csproj", "{8BA676E5-2BE8-404A-BB43-0C030BCBFDA1}"
EndProject
Project("{2150E333-8FDC-42A3-9474-1A3956D46DE8}") = "N14", "N14", "{6A8C36C7-3EA0-44BB-9019-12B1BD3F25E6}"
EndProject
Project("{2150E333-8FDC-42A3-9474-1A3956D46DE8}") = "N14_Task1", "N14_Task1", "{DE84FA33-6B1F-4C2A-8B5E-4E03D0A616F7}"
EndProject
Project("{9A19103F-16F7-4668-BE54-9A1E7A4F7556}") = "N14_1", "N14_1\N14_1.csproj", "{7B8AAE32-7B12-4D7E-B8D7-C2487F60D8EC}"
EndProject
Project("{2150E333-8FDC-42A3-9474-1A3956D46DE8}") = "N14_Task2", "N14_Task2", "{D0D93D76-F4ED-4498-B467-7FC4CF037661}"
EndProject
Project("{9A19103F-16F7-4668-BE54-9A1E7A4F7556}") = "Lesson_14", "Lesson_14\Lesson_14.csproj", "{F594666A-7CE0-4D60-AC7B-3CF520175EE7}"
EndProject
Project("{9A19103F-16F7-4668-BE54-9A1E7A4F7556}") = "N14_HT2", "N14-HT2\N14_HT2.csproj", "{6835070D-5C81-447F-8E50-CD4EAE1E7633}"
EndProject
Project("{2150E333-8FDC-42A3-9474-1A3956D46DE8}") = "N15", "N15", "{7001B7A0-52B9-41D7-BAC2-36D36E7EA689}"
EndProject
Project("{2150E333-8FDC-42A3-9474-1A3956D46DE8}") = "N15_HT1", "N15_HT1", "{14AF6728-E1B4-4BDC-834A-AE3F31A9AC18}"
EndProject
Project("{9A19103F-16F7-4668-BE54-9A1E7A4F7556}") = "N15_HT1", "N15_HT1\N15_HT1.csproj", "{FA506660-4B3D-43F1-A929-02FF76ECEDA8}"
EndProject
Project("{2150E333-8FDC-42A3-9474-1A3956D46DE8}") = "N16", "N16", "{BBA0DBD8-DCE0-454B-A9ED-757F4ED6CF86}"
EndProject
Project("{2150E333-8FDC-42A3-9474-1A3956D46DE8}") = "N16_HT1", "N16_HT1", "{F6504F23-BC5C-4B63-B6EA-CC1DBA6F69E4}"
EndProject
Project("{9A19103F-16F7-4668-BE54-9A1E7A4F7556}") = "N16_HT1", "N16_HT1\N16_HT1.csproj", "{9B931C9D-B852-4F53-AC21-04E91C01D692}"
EndProject
Project("{2150E333-8FDC-42A3-9474-1A3956D46DE8}") = "N16_HT2", "N16_HT2", "{08F4F27E-AC06-4149-BDF3-6E6469C72904}"
EndProject
Project("{9A19103F-16F7-4668-BE54-9A1E7A4F7556}") = "N16_HT2", "N16_HT2\N16_HT2.csproj", "{8213FB9A-5F09-4589-B8F9-58DCF6C7AEE5}"
EndProject
Project("{9A19103F-16F7-4668-BE54-9A1E7A4F7556}") = "N17_HT1", "N17_HT1\N17_HT1.csproj", "{B8F2FDF4-5E8A-4E33-97F5-33A7EF7E765C}"
EndProject
Project("{2150E333-8FDC-42A3-9474-1A3956D46DE8}") = "N17", "N17", "{9B79AF1D-7835-40D1-9478-26BD79673DEA}"
EndProject
Project("{9A19103F-16F7-4668-BE54-9A1E7A4F7556}") = "N17_HT2", "N17_HT2\N17_HT2.csproj", "{65E92671-E1EA-4796-8A1B-2D6A16C4CBDF}"
EndProject
Project("{2150E333-8FDC-42A3-9474-1A3956D46DE8}") = "N18", "N18", "{0104B5A8-DF02-4BC4-8E92-41F722E87720}"
EndProject
Project("{2150E333-8FDC-42A3-9474-1A3956D46DE8}") = "N18_1", "N18_1", "{2D7CB3B4-5800-4F9D-B995-0989DC4898B7}"
EndProject
Project("{9A19103F-16F7-4668-BE54-9A1E7A4F7556}") = "N18_1", "N18_1\N18_1.csproj", "{CDF49DFE-F765-4582-A415-7FCE7BB26FE6}"
EndProject
Project("{2150E333-8FDC-42A3-9474-1A3956D46DE8}") = "N19", "N19", "{5D0A5ACF-8665-4299-8A8E-D79498D3D059}"
EndProject
Project("{9A19103F-16F7-4668-BE54-9A1E7A4F7556}") = "N19_1", "N19_1\N19_1.csproj", "{96392CE8-A652-4D1D-BD85-09B29E96B12C}"
EndProject
Project("{9A19103F-16F7-4668-BE54-9A1E7A4F7556}") = "N19_2", "N19_2\N19_2.csproj", "{3ED5EB28-7030-4269-9EAF-AC34BC23A51D}"
EndProject
Project("{2150E333-8FDC-42A3-9474-1A3956D46DE8}") = "N21", "N21", "{1B9C8189-61EE-400A-9EF2-5711CDBC0211}"
EndProject
Project("{2150E333-8FDC-42A3-9474-1A3956D46DE8}") = "N21_Interface", "N21_Interface", "{1E3B46C5-6289-417F-94BE-45CE100A96F6}"
EndProject
Project("{9A19103F-16F7-4668-BE54-9A1E7A4F7556}") = "N21_Interface1", "N21_Interface1\N21_Interface1.csproj", "{F26AE334-DB40-46DF-AB84-0D9AD2FE74B5}"
EndProject
Project("{2150E333-8FDC-42A3-9474-1A3956D46DE8}") = "N21_ImtihonUptadate", "N21_ImtihonUptadate", "{0F11A119-2C25-46CF-AC3F-C66073C85C86}"
EndProject
Project("{9A19103F-16F7-4668-BE54-9A1E7A4F7556}") = "Imtihon_Update", "Imtihon_Update\Imtihon_Update.csproj", "{CD7B1616-9B70-4FC8-BB1A-3B41E766E078}"
EndProject
Project("{2150E333-8FDC-42A3-9474-1A3956D46DE8}") = "N22", "N22", "{40FDA0A2-3C89-426C-B3C5-37838F4864CE}"
EndProject
Project("{FAE04EC0-301F-11D3-BF4B-00C04F79EFBC}") = "N22_WriteLlist", "N22_WriteLlist\N22_WriteLlist.csproj", "{22FF572D-A745-41FB-B4BD-48CFF604ADA0}"
EndProject
Global
	GlobalSection(SolutionConfigurationPlatforms) = preSolution
		Debug|Any CPU = Debug|Any CPU
		Release|Any CPU = Release|Any CPU
	EndGlobalSection
	GlobalSection(ProjectConfigurationPlatforms) = postSolution
		{AA60303C-5242-42C4-90C9-88B3F97D0DAB}.Debug|Any CPU.ActiveCfg = Debug|Any CPU
		{AA60303C-5242-42C4-90C9-88B3F97D0DAB}.Debug|Any CPU.Build.0 = Debug|Any CPU
		{AA60303C-5242-42C4-90C9-88B3F97D0DAB}.Release|Any CPU.ActiveCfg = Release|Any CPU
		{AA60303C-5242-42C4-90C9-88B3F97D0DAB}.Release|Any CPU.Build.0 = Release|Any CPU
		{B6E3934A-2771-4754-B0CA-615C8B828A43}.Debug|Any CPU.ActiveCfg = Debug|Any CPU
		{B6E3934A-2771-4754-B0CA-615C8B828A43}.Debug|Any CPU.Build.0 = Debug|Any CPU
		{B6E3934A-2771-4754-B0CA-615C8B828A43}.Release|Any CPU.ActiveCfg = Release|Any CPU
		{B6E3934A-2771-4754-B0CA-615C8B828A43}.Release|Any CPU.Build.0 = Release|Any CPU
		{CC8F48B1-247F-491C-9ECB-9FBE92244E47}.Debug|Any CPU.ActiveCfg = Debug|Any CPU
		{CC8F48B1-247F-491C-9ECB-9FBE92244E47}.Debug|Any CPU.Build.0 = Debug|Any CPU
		{CC8F48B1-247F-491C-9ECB-9FBE92244E47}.Release|Any CPU.ActiveCfg = Release|Any CPU
		{CC8F48B1-247F-491C-9ECB-9FBE92244E47}.Release|Any CPU.Build.0 = Release|Any CPU
		{EA581E38-90AD-4F86-A198-A0E34C00049F}.Debug|Any CPU.ActiveCfg = Debug|Any CPU
		{EA581E38-90AD-4F86-A198-A0E34C00049F}.Debug|Any CPU.Build.0 = Debug|Any CPU
		{EA581E38-90AD-4F86-A198-A0E34C00049F}.Release|Any CPU.ActiveCfg = Release|Any CPU
		{EA581E38-90AD-4F86-A198-A0E34C00049F}.Release|Any CPU.Build.0 = Release|Any CPU
		{75159430-4BD3-4447-981F-EC19DAE84417}.Debug|Any CPU.ActiveCfg = Debug|Any CPU
		{75159430-4BD3-4447-981F-EC19DAE84417}.Debug|Any CPU.Build.0 = Debug|Any CPU
		{75159430-4BD3-4447-981F-EC19DAE84417}.Release|Any CPU.ActiveCfg = Release|Any CPU
		{75159430-4BD3-4447-981F-EC19DAE84417}.Release|Any CPU.Build.0 = Release|Any CPU
		{A9CBE756-6A87-4009-9D17-06EA923FD25E}.Debug|Any CPU.ActiveCfg = Debug|Any CPU
		{A9CBE756-6A87-4009-9D17-06EA923FD25E}.Debug|Any CPU.Build.0 = Debug|Any CPU
		{A9CBE756-6A87-4009-9D17-06EA923FD25E}.Release|Any CPU.ActiveCfg = Release|Any CPU
		{A9CBE756-6A87-4009-9D17-06EA923FD25E}.Release|Any CPU.Build.0 = Release|Any CPU
		{3FB8D315-B965-481A-8705-3F99B1774A43}.Debug|Any CPU.ActiveCfg = Debug|Any CPU
		{3FB8D315-B965-481A-8705-3F99B1774A43}.Debug|Any CPU.Build.0 = Debug|Any CPU
		{3FB8D315-B965-481A-8705-3F99B1774A43}.Release|Any CPU.ActiveCfg = Release|Any CPU
		{3FB8D315-B965-481A-8705-3F99B1774A43}.Release|Any CPU.Build.0 = Release|Any CPU
		{4F36F8FE-CBC9-4513-B7C7-B804A0023736}.Debug|Any CPU.ActiveCfg = Debug|Any CPU
		{4F36F8FE-CBC9-4513-B7C7-B804A0023736}.Debug|Any CPU.Build.0 = Debug|Any CPU
		{4F36F8FE-CBC9-4513-B7C7-B804A0023736}.Release|Any CPU.ActiveCfg = Release|Any CPU
		{4F36F8FE-CBC9-4513-B7C7-B804A0023736}.Release|Any CPU.Build.0 = Release|Any CPU
		{A1A84251-5B3E-483C-A16A-E11544B6F94A}.Debug|Any CPU.ActiveCfg = Debug|Any CPU
		{A1A84251-5B3E-483C-A16A-E11544B6F94A}.Debug|Any CPU.Build.0 = Debug|Any CPU
		{A1A84251-5B3E-483C-A16A-E11544B6F94A}.Release|Any CPU.ActiveCfg = Release|Any CPU
		{A1A84251-5B3E-483C-A16A-E11544B6F94A}.Release|Any CPU.Build.0 = Release|Any CPU
		{7577F0A3-5A3E-4666-87E8-BFAF47CD9FDC}.Debug|Any CPU.ActiveCfg = Debug|Any CPU
		{7577F0A3-5A3E-4666-87E8-BFAF47CD9FDC}.Debug|Any CPU.Build.0 = Debug|Any CPU
		{7577F0A3-5A3E-4666-87E8-BFAF47CD9FDC}.Release|Any CPU.ActiveCfg = Release|Any CPU
		{7577F0A3-5A3E-4666-87E8-BFAF47CD9FDC}.Release|Any CPU.Build.0 = Release|Any CPU
		{D18911AE-CEEB-4ED8-969E-48B1E37762E7}.Debug|Any CPU.ActiveCfg = Debug|Any CPU
		{D18911AE-CEEB-4ED8-969E-48B1E37762E7}.Debug|Any CPU.Build.0 = Debug|Any CPU
		{D18911AE-CEEB-4ED8-969E-48B1E37762E7}.Release|Any CPU.ActiveCfg = Release|Any CPU
		{D18911AE-CEEB-4ED8-969E-48B1E37762E7}.Release|Any CPU.Build.0 = Release|Any CPU
		{FBE67201-6DB3-4D2E-846B-43FE0D3333EF}.Debug|Any CPU.ActiveCfg = Debug|Any CPU
		{FBE67201-6DB3-4D2E-846B-43FE0D3333EF}.Debug|Any CPU.Build.0 = Debug|Any CPU
		{FBE67201-6DB3-4D2E-846B-43FE0D3333EF}.Release|Any CPU.ActiveCfg = Release|Any CPU
		{FBE67201-6DB3-4D2E-846B-43FE0D3333EF}.Release|Any CPU.Build.0 = Release|Any CPU
		{A03D9055-2292-4EC1-9D5F-860151B5E424}.Debug|Any CPU.ActiveCfg = Debug|Any CPU
		{A03D9055-2292-4EC1-9D5F-860151B5E424}.Debug|Any CPU.Build.0 = Debug|Any CPU
		{A03D9055-2292-4EC1-9D5F-860151B5E424}.Release|Any CPU.ActiveCfg = Release|Any CPU
		{A03D9055-2292-4EC1-9D5F-860151B5E424}.Release|Any CPU.Build.0 = Release|Any CPU
		{7C22446A-C474-4AE3-8D4C-EE6087B3308B}.Debug|Any CPU.ActiveCfg = Debug|Any CPU
		{7C22446A-C474-4AE3-8D4C-EE6087B3308B}.Debug|Any CPU.Build.0 = Debug|Any CPU
		{7C22446A-C474-4AE3-8D4C-EE6087B3308B}.Release|Any CPU.ActiveCfg = Release|Any CPU
		{7C22446A-C474-4AE3-8D4C-EE6087B3308B}.Release|Any CPU.Build.0 = Release|Any CPU
		{1DADC579-3A7D-46E8-A52D-05496B56F15B}.Debug|Any CPU.ActiveCfg = Debug|Any CPU
		{1DADC579-3A7D-46E8-A52D-05496B56F15B}.Debug|Any CPU.Build.0 = Debug|Any CPU
		{1DADC579-3A7D-46E8-A52D-05496B56F15B}.Release|Any CPU.ActiveCfg = Release|Any CPU
		{1DADC579-3A7D-46E8-A52D-05496B56F15B}.Release|Any CPU.Build.0 = Release|Any CPU
		{C4F4D81E-4426-4E29-A337-840AAC2C2C59}.Debug|Any CPU.ActiveCfg = Debug|Any CPU
		{C4F4D81E-4426-4E29-A337-840AAC2C2C59}.Debug|Any CPU.Build.0 = Debug|Any CPU
		{C4F4D81E-4426-4E29-A337-840AAC2C2C59}.Release|Any CPU.ActiveCfg = Release|Any CPU
		{C4F4D81E-4426-4E29-A337-840AAC2C2C59}.Release|Any CPU.Build.0 = Release|Any CPU
		{BFDAA1F5-5FC4-42EB-AB37-2B313B829AC3}.Debug|Any CPU.ActiveCfg = Debug|Any CPU
		{BFDAA1F5-5FC4-42EB-AB37-2B313B829AC3}.Debug|Any CPU.Build.0 = Debug|Any CPU
		{BFDAA1F5-5FC4-42EB-AB37-2B313B829AC3}.Release|Any CPU.ActiveCfg = Release|Any CPU
		{BFDAA1F5-5FC4-42EB-AB37-2B313B829AC3}.Release|Any CPU.Build.0 = Release|Any CPU
		{AD5BAD72-7CDB-451A-A03A-E497C09FBBD1}.Debug|Any CPU.ActiveCfg = Debug|Any CPU
		{AD5BAD72-7CDB-451A-A03A-E497C09FBBD1}.Debug|Any CPU.Build.0 = Debug|Any CPU
		{AD5BAD72-7CDB-451A-A03A-E497C09FBBD1}.Release|Any CPU.ActiveCfg = Release|Any CPU
		{AD5BAD72-7CDB-451A-A03A-E497C09FBBD1}.Release|Any CPU.Build.0 = Release|Any CPU
		{B9E19D4A-747D-46F4-A7A4-5DB203E011D4}.Debug|Any CPU.ActiveCfg = Debug|Any CPU
		{B9E19D4A-747D-46F4-A7A4-5DB203E011D4}.Debug|Any CPU.Build.0 = Debug|Any CPU
		{B9E19D4A-747D-46F4-A7A4-5DB203E011D4}.Release|Any CPU.ActiveCfg = Release|Any CPU
		{B9E19D4A-747D-46F4-A7A4-5DB203E011D4}.Release|Any CPU.Build.0 = Release|Any CPU
		{EE804E9F-46BB-4079-8803-4B79443CABC4}.Debug|Any CPU.ActiveCfg = Debug|Any CPU
		{EE804E9F-46BB-4079-8803-4B79443CABC4}.Debug|Any CPU.Build.0 = Debug|Any CPU
		{EE804E9F-46BB-4079-8803-4B79443CABC4}.Release|Any CPU.ActiveCfg = Release|Any CPU
		{EE804E9F-46BB-4079-8803-4B79443CABC4}.Release|Any CPU.Build.0 = Release|Any CPU
		{4601D9BA-942B-4951-8958-5AE84F206040}.Debug|Any CPU.ActiveCfg = Debug|Any CPU
		{4601D9BA-942B-4951-8958-5AE84F206040}.Debug|Any CPU.Build.0 = Debug|Any CPU
		{4601D9BA-942B-4951-8958-5AE84F206040}.Release|Any CPU.ActiveCfg = Release|Any CPU
		{4601D9BA-942B-4951-8958-5AE84F206040}.Release|Any CPU.Build.0 = Release|Any CPU
		{A7A144F6-245F-4722-8A40-C029EB6193DC}.Debug|Any CPU.ActiveCfg = Debug|Any CPU
		{A7A144F6-245F-4722-8A40-C029EB6193DC}.Debug|Any CPU.Build.0 = Debug|Any CPU
		{A7A144F6-245F-4722-8A40-C029EB6193DC}.Release|Any CPU.ActiveCfg = Release|Any CPU
		{A7A144F6-245F-4722-8A40-C029EB6193DC}.Release|Any CPU.Build.0 = Release|Any CPU
		{1979B6DD-306C-47B9-B646-245FF90F233D}.Debug|Any CPU.ActiveCfg = Debug|Any CPU
		{1979B6DD-306C-47B9-B646-245FF90F233D}.Debug|Any CPU.Build.0 = Debug|Any CPU
		{1979B6DD-306C-47B9-B646-245FF90F233D}.Release|Any CPU.ActiveCfg = Release|Any CPU
		{1979B6DD-306C-47B9-B646-245FF90F233D}.Release|Any CPU.Build.0 = Release|Any CPU
		{8BA676E5-2BE8-404A-BB43-0C030BCBFDA1}.Debug|Any CPU.ActiveCfg = Debug|Any CPU
		{8BA676E5-2BE8-404A-BB43-0C030BCBFDA1}.Debug|Any CPU.Build.0 = Debug|Any CPU
		{8BA676E5-2BE8-404A-BB43-0C030BCBFDA1}.Release|Any CPU.ActiveCfg = Release|Any CPU
		{8BA676E5-2BE8-404A-BB43-0C030BCBFDA1}.Release|Any CPU.Build.0 = Release|Any CPU
		{7B8AAE32-7B12-4D7E-B8D7-C2487F60D8EC}.Debug|Any CPU.ActiveCfg = Debug|Any CPU
		{7B8AAE32-7B12-4D7E-B8D7-C2487F60D8EC}.Debug|Any CPU.Build.0 = Debug|Any CPU
		{7B8AAE32-7B12-4D7E-B8D7-C2487F60D8EC}.Release|Any CPU.ActiveCfg = Release|Any CPU
		{7B8AAE32-7B12-4D7E-B8D7-C2487F60D8EC}.Release|Any CPU.Build.0 = Release|Any CPU
		{F594666A-7CE0-4D60-AC7B-3CF520175EE7}.Debug|Any CPU.ActiveCfg = Debug|Any CPU
		{F594666A-7CE0-4D60-AC7B-3CF520175EE7}.Debug|Any CPU.Build.0 = Debug|Any CPU
		{F594666A-7CE0-4D60-AC7B-3CF520175EE7}.Release|Any CPU.ActiveCfg = Release|Any CPU
		{F594666A-7CE0-4D60-AC7B-3CF520175EE7}.Release|Any CPU.Build.0 = Release|Any CPU
		{6835070D-5C81-447F-8E50-CD4EAE1E7633}.Debug|Any CPU.ActiveCfg = Debug|Any CPU
		{6835070D-5C81-447F-8E50-CD4EAE1E7633}.Debug|Any CPU.Build.0 = Debug|Any CPU
		{6835070D-5C81-447F-8E50-CD4EAE1E7633}.Release|Any CPU.ActiveCfg = Release|Any CPU
		{6835070D-5C81-447F-8E50-CD4EAE1E7633}.Release|Any CPU.Build.0 = Release|Any CPU
		{FA506660-4B3D-43F1-A929-02FF76ECEDA8}.Debug|Any CPU.ActiveCfg = Debug|Any CPU
		{FA506660-4B3D-43F1-A929-02FF76ECEDA8}.Debug|Any CPU.Build.0 = Debug|Any CPU
		{FA506660-4B3D-43F1-A929-02FF76ECEDA8}.Release|Any CPU.ActiveCfg = Release|Any CPU
		{FA506660-4B3D-43F1-A929-02FF76ECEDA8}.Release|Any CPU.Build.0 = Release|Any CPU
		{9B931C9D-B852-4F53-AC21-04E91C01D692}.Debug|Any CPU.ActiveCfg = Debug|Any CPU
		{9B931C9D-B852-4F53-AC21-04E91C01D692}.Debug|Any CPU.Build.0 = Debug|Any CPU
		{9B931C9D-B852-4F53-AC21-04E91C01D692}.Release|Any CPU.ActiveCfg = Release|Any CPU
		{9B931C9D-B852-4F53-AC21-04E91C01D692}.Release|Any CPU.Build.0 = Release|Any CPU
		{8213FB9A-5F09-4589-B8F9-58DCF6C7AEE5}.Debug|Any CPU.ActiveCfg = Debug|Any CPU
		{8213FB9A-5F09-4589-B8F9-58DCF6C7AEE5}.Debug|Any CPU.Build.0 = Debug|Any CPU
		{8213FB9A-5F09-4589-B8F9-58DCF6C7AEE5}.Release|Any CPU.ActiveCfg = Release|Any CPU
		{8213FB9A-5F09-4589-B8F9-58DCF6C7AEE5}.Release|Any CPU.Build.0 = Release|Any CPU
		{B8F2FDF4-5E8A-4E33-97F5-33A7EF7E765C}.Debug|Any CPU.ActiveCfg = Debug|Any CPU
		{B8F2FDF4-5E8A-4E33-97F5-33A7EF7E765C}.Debug|Any CPU.Build.0 = Debug|Any CPU
		{B8F2FDF4-5E8A-4E33-97F5-33A7EF7E765C}.Release|Any CPU.ActiveCfg = Release|Any CPU
		{B8F2FDF4-5E8A-4E33-97F5-33A7EF7E765C}.Release|Any CPU.Build.0 = Release|Any CPU
		{65E92671-E1EA-4796-8A1B-2D6A16C4CBDF}.Debug|Any CPU.ActiveCfg = Debug|Any CPU
		{65E92671-E1EA-4796-8A1B-2D6A16C4CBDF}.Debug|Any CPU.Build.0 = Debug|Any CPU
		{65E92671-E1EA-4796-8A1B-2D6A16C4CBDF}.Release|Any CPU.ActiveCfg = Release|Any CPU
		{65E92671-E1EA-4796-8A1B-2D6A16C4CBDF}.Release|Any CPU.Build.0 = Release|Any CPU
		{CDF49DFE-F765-4582-A415-7FCE7BB26FE6}.Debug|Any CPU.ActiveCfg = Debug|Any CPU
		{CDF49DFE-F765-4582-A415-7FCE7BB26FE6}.Debug|Any CPU.Build.0 = Debug|Any CPU
		{CDF49DFE-F765-4582-A415-7FCE7BB26FE6}.Release|Any CPU.ActiveCfg = Release|Any CPU
		{CDF49DFE-F765-4582-A415-7FCE7BB26FE6}.Release|Any CPU.Build.0 = Release|Any CPU
		{96392CE8-A652-4D1D-BD85-09B29E96B12C}.Debug|Any CPU.ActiveCfg = Debug|Any CPU
		{96392CE8-A652-4D1D-BD85-09B29E96B12C}.Debug|Any CPU.Build.0 = Debug|Any CPU
		{96392CE8-A652-4D1D-BD85-09B29E96B12C}.Release|Any CPU.ActiveCfg = Release|Any CPU
		{96392CE8-A652-4D1D-BD85-09B29E96B12C}.Release|Any CPU.Build.0 = Release|Any CPU
		{3ED5EB28-7030-4269-9EAF-AC34BC23A51D}.Debug|Any CPU.ActiveCfg = Debug|Any CPU
		{3ED5EB28-7030-4269-9EAF-AC34BC23A51D}.Debug|Any CPU.Build.0 = Debug|Any CPU
		{3ED5EB28-7030-4269-9EAF-AC34BC23A51D}.Release|Any CPU.ActiveCfg = Release|Any CPU
		{3ED5EB28-7030-4269-9EAF-AC34BC23A51D}.Release|Any CPU.Build.0 = Release|Any CPU
		{F26AE334-DB40-46DF-AB84-0D9AD2FE74B5}.Debug|Any CPU.ActiveCfg = Debug|Any CPU
		{F26AE334-DB40-46DF-AB84-0D9AD2FE74B5}.Debug|Any CPU.Build.0 = Debug|Any CPU
		{F26AE334-DB40-46DF-AB84-0D9AD2FE74B5}.Release|Any CPU.ActiveCfg = Release|Any CPU
		{F26AE334-DB40-46DF-AB84-0D9AD2FE74B5}.Release|Any CPU.Build.0 = Release|Any CPU
		{CD7B1616-9B70-4FC8-BB1A-3B41E766E078}.Debug|Any CPU.ActiveCfg = Debug|Any CPU
		{CD7B1616-9B70-4FC8-BB1A-3B41E766E078}.Debug|Any CPU.Build.0 = Debug|Any CPU
		{CD7B1616-9B70-4FC8-BB1A-3B41E766E078}.Release|Any CPU.ActiveCfg = Release|Any CPU
		{CD7B1616-9B70-4FC8-BB1A-3B41E766E078}.Release|Any CPU.Build.0 = Release|Any CPU
		{22FF572D-A745-41FB-B4BD-48CFF604ADA0}.Debug|Any CPU.ActiveCfg = Debug|Any CPU
		{22FF572D-A745-41FB-B4BD-48CFF604ADA0}.Debug|Any CPU.Build.0 = Debug|Any CPU
		{22FF572D-A745-41FB-B4BD-48CFF604ADA0}.Release|Any CPU.ActiveCfg = Release|Any CPU
		{22FF572D-A745-41FB-B4BD-48CFF604ADA0}.Release|Any CPU.Build.0 = Release|Any CPU
	EndGlobalSection
	GlobalSection(SolutionProperties) = preSolution
		HideSolutionNode = FALSE
	EndGlobalSection
	GlobalSection(NestedProjects) = preSolution
		{AA60303C-5242-42C4-90C9-88B3F97D0DAB} = {AD798D63-96D5-499F-AD9D-59D857229A4E}
		{B6E3934A-2771-4754-B0CA-615C8B828A43} = {D78C85BE-86A9-470C-B1CD-E7B7F8A25300}
		{A1FDC65C-DDF2-4B54-AE7D-4FF454A0D219} = {9933E71F-8889-45B1-B4D2-F1E6D5461D46}
		{CC8F48B1-247F-491C-9ECB-9FBE92244E47} = {A1FDC65C-DDF2-4B54-AE7D-4FF454A0D219}
		{85C07D66-EDB1-4D09-9E2B-DF84AFEA3EB6} = {52424AA9-D47D-4291-843D-F93D514B5F36}
		{EA581E38-90AD-4F86-A198-A0E34C00049F} = {85C07D66-EDB1-4D09-9E2B-DF84AFEA3EB6}
		{4B6F603D-795C-4492-A14A-4F6B39011DC2} = {9933E71F-8889-45B1-B4D2-F1E6D5461D46}
		{75159430-4BD3-4447-981F-EC19DAE84417} = {4B6F603D-795C-4492-A14A-4F6B39011DC2}
		{AD798D63-96D5-499F-AD9D-59D857229A4E} = {52424AA9-D47D-4291-843D-F93D514B5F36}
		{A9CBE756-6A87-4009-9D17-06EA923FD25E} = {C5BEFD81-BB04-441B-833C-DDC87CEBB658}
		{3FB8D315-B965-481A-8705-3F99B1774A43} = {C5BEFD81-BB04-441B-833C-DDC87CEBB658}
		{A50581A7-B4AE-4752-925C-2AEDB6579F64} = {18966E87-18E3-45A4-93D3-215927084AFC}
		{2B3872D6-2D2C-46A5-9275-CA130BC72765} = {18966E87-18E3-45A4-93D3-215927084AFC}
		{4F36F8FE-CBC9-4513-B7C7-B804A0023736} = {A50581A7-B4AE-4752-925C-2AEDB6579F64}
		{A1A84251-5B3E-483C-A16A-E11544B6F94A} = {2B3872D6-2D2C-46A5-9275-CA130BC72765}
		{AFE2E0A6-A1CB-4CB2-9ECC-2FEC47BDAB30} = {1D81B617-78C0-47E3-B0C9-BC4B23CD327E}
		{278DC8D1-0671-45CD-9B86-B9F8EAF2EB6E} = {1D81B617-78C0-47E3-B0C9-BC4B23CD327E}
		{7577F0A3-5A3E-4666-87E8-BFAF47CD9FDC} = {AFE2E0A6-A1CB-4CB2-9ECC-2FEC47BDAB30}
		{D18911AE-CEEB-4ED8-969E-48B1E37762E7} = {278DC8D1-0671-45CD-9B86-B9F8EAF2EB6E}
		{11E06797-210C-44B3-92DD-F17DD5190EDA} = {15E26624-F3E3-4F6F-8512-21235880E3B0}
		{FBE67201-6DB3-4D2E-846B-43FE0D3333EF} = {11E06797-210C-44B3-92DD-F17DD5190EDA}
		{7DD69FEB-ED67-4774-A6F3-81157A0D1A79} = {1952B731-F1B9-4FB2-A0B2-D8599E20FCE7}
		{A03D9055-2292-4EC1-9D5F-860151B5E424} = {7DD69FEB-ED67-4774-A6F3-81157A0D1A79}
		{CDEA1B24-1B79-47A9-BC4E-8F0596DD463C} = {1952B731-F1B9-4FB2-A0B2-D8599E20FCE7}
		{7C22446A-C474-4AE3-8D4C-EE6087B3308B} = {CDEA1B24-1B79-47A9-BC4E-8F0596DD463C}
		{BC54138E-2541-4080-9E0A-3184836D15CD} = {F6A1CD0C-FDAF-4E00-B853-08ACAAECF4E8}
		{1DADC579-3A7D-46E8-A52D-05496B56F15B} = {BC54138E-2541-4080-9E0A-3184836D15CD}
		{0896B2C0-C7F5-4942-85EE-2AAC64086E9B} = {F6A1CD0C-FDAF-4E00-B853-08ACAAECF4E8}
		{C4F4D81E-4426-4E29-A337-840AAC2C2C59} = {0896B2C0-C7F5-4942-85EE-2AAC64086E9B}
		{40F5B9DA-9E84-4713-83C4-714C51E7B9C2} = {C2C32225-F6AF-4E7C-9DBF-4D857C34B86D}
		{BFDAA1F5-5FC4-42EB-AB37-2B313B829AC3} = {40F5B9DA-9E84-4713-83C4-714C51E7B9C2}
		{6C537026-846F-4109-9A96-D0505CE9023A} = {C2C32225-F6AF-4E7C-9DBF-4D857C34B86D}
		{AD5BAD72-7CDB-451A-A03A-E497C09FBBD1} = {6C537026-846F-4109-9A96-D0505CE9023A}
		{B51C1662-1333-424D-81DF-214A1CE59A5A} = {1ABC688F-20D4-4C04-8998-328DDF376C13}
		{B9E19D4A-747D-46F4-A7A4-5DB203E011D4} = {B51C1662-1333-424D-81DF-214A1CE59A5A}
		{EE804E9F-46BB-4079-8803-4B79443CABC4} = {B51C1662-1333-424D-81DF-214A1CE59A5A}
		{4601D9BA-942B-4951-8958-5AE84F206040} = {FE1C65D5-A443-44A3-94C2-E2C57A11B559}
		{A7A144F6-245F-4722-8A40-C029EB6193DC} = {FE1C65D5-A443-44A3-94C2-E2C57A11B559}
		{1979B6DD-306C-47B9-B646-245FF90F233D} = {B8675E55-569B-4AB7-97B2-133E7C41D354}
		{8BA676E5-2BE8-404A-BB43-0C030BCBFDA1} = {B8675E55-569B-4AB7-97B2-133E7C41D354}
		{DE84FA33-6B1F-4C2A-8B5E-4E03D0A616F7} = {6A8C36C7-3EA0-44BB-9019-12B1BD3F25E6}
		{7B8AAE32-7B12-4D7E-B8D7-C2487F60D8EC} = {DE84FA33-6B1F-4C2A-8B5E-4E03D0A616F7}
		{D0D93D76-F4ED-4498-B467-7FC4CF037661} = {6A8C36C7-3EA0-44BB-9019-12B1BD3F25E6}
		{F594666A-7CE0-4D60-AC7B-3CF520175EE7} = {D0D93D76-F4ED-4498-B467-7FC4CF037661}
		{6835070D-5C81-447F-8E50-CD4EAE1E7633} = {D0D93D76-F4ED-4498-B467-7FC4CF037661}
		{14AF6728-E1B4-4BDC-834A-AE3F31A9AC18} = {7001B7A0-52B9-41D7-BAC2-36D36E7EA689}
		{FA506660-4B3D-43F1-A929-02FF76ECEDA8} = {14AF6728-E1B4-4BDC-834A-AE3F31A9AC18}
		{F6504F23-BC5C-4B63-B6EA-CC1DBA6F69E4} = {BBA0DBD8-DCE0-454B-A9ED-757F4ED6CF86}
		{9B931C9D-B852-4F53-AC21-04E91C01D692} = {F6504F23-BC5C-4B63-B6EA-CC1DBA6F69E4}
		{08F4F27E-AC06-4149-BDF3-6E6469C72904} = {BBA0DBD8-DCE0-454B-A9ED-757F4ED6CF86}
		{8213FB9A-5F09-4589-B8F9-58DCF6C7AEE5} = {08F4F27E-AC06-4149-BDF3-6E6469C72904}
		{B8F2FDF4-5E8A-4E33-97F5-33A7EF7E765C} = {9B79AF1D-7835-40D1-9478-26BD79673DEA}
		{65E92671-E1EA-4796-8A1B-2D6A16C4CBDF} = {9B79AF1D-7835-40D1-9478-26BD79673DEA}
		{2D7CB3B4-5800-4F9D-B995-0989DC4898B7} = {0104B5A8-DF02-4BC4-8E92-41F722E87720}
		{CDF49DFE-F765-4582-A415-7FCE7BB26FE6} = {2D7CB3B4-5800-4F9D-B995-0989DC4898B7}
		{96392CE8-A652-4D1D-BD85-09B29E96B12C} = {5D0A5ACF-8665-4299-8A8E-D79498D3D059}
		{3ED5EB28-7030-4269-9EAF-AC34BC23A51D} = {5D0A5ACF-8665-4299-8A8E-D79498D3D059}
		{1E3B46C5-6289-417F-94BE-45CE100A96F6} = {1B9C8189-61EE-400A-9EF2-5711CDBC0211}
		{F26AE334-DB40-46DF-AB84-0D9AD2FE74B5} = {1E3B46C5-6289-417F-94BE-45CE100A96F6}
		{0F11A119-2C25-46CF-AC3F-C66073C85C86} = {1B9C8189-61EE-400A-9EF2-5711CDBC0211}
		{CD7B1616-9B70-4FC8-BB1A-3B41E766E078} = {0F11A119-2C25-46CF-AC3F-C66073C85C86}
		{22FF572D-A745-41FB-B4BD-48CFF604ADA0} = {40FDA0A2-3C89-426C-B3C5-37838F4864CE}
	EndGlobalSection
	GlobalSection(ExtensibilityGlobals) = postSolution
		SolutionGuid = {8B77269B-B20D-4860-9637-2E2771096EE6}
	EndGlobalSection
EndGlobal
